// !$*UTF8*$!
{
	archiveVersion = 1;
	classes = {
	};
	objectVersion = 46;
	objects = {

/* Begin PBXBuildFile section */
		2C028F1E1E973B300054768E /* UITableView+Extensions.swift in Sources */ = {isa = PBXBuildFile; fileRef = 2C028F1D1E973B300054768E /* UITableView+Extensions.swift */; };
		2CD413821E97B84C00F3468B /* Attendee.swift in Sources */ = {isa = PBXBuildFile; fileRef = 2CD413721E97B84C00F3468B /* Attendee.swift */; };
		2CD413831E97B84C00F3468B /* Connectable.swift in Sources */ = {isa = PBXBuildFile; fileRef = 2CD413741E97B84C00F3468B /* Connectable.swift */; };
		2CD413841E97B84C00F3468B /* Connection.swift in Sources */ = {isa = PBXBuildFile; fileRef = 2CD413751E97B84C00F3468B /* Connection.swift */; };
		2CD413851E97B84C00F3468B /* ConnectionResponse.swift in Sources */ = {isa = PBXBuildFile; fileRef = 2CD413761E97B84C00F3468B /* ConnectionResponse.swift */; };
		2CD413861E97B84C00F3468B /* JSONConvertible.swift in Sources */ = {isa = PBXBuildFile; fileRef = 2CD413781E97B84C00F3468B /* JSONConvertible.swift */; };
		2CD413871E97B84C00F3468B /* JSONParser.swift in Sources */ = {isa = PBXBuildFile; fileRef = 2CD413791E97B84C00F3468B /* JSONParser.swift */; };
		2CD413881E97B84C00F3468B /* JSONParserResult.swift in Sources */ = {isa = PBXBuildFile; fileRef = 2CD4137A1E97B84C00F3468B /* JSONParserResult.swift */; };
		2CD413891E97B84C00F3468B /* ConnectionError.swift in Sources */ = {isa = PBXBuildFile; fileRef = 2CD4137C1E97B84C00F3468B /* ConnectionError.swift */; };
		2CD4138A1E97B84C00F3468B /* JSONParserError.swift in Sources */ = {isa = PBXBuildFile; fileRef = 2CD4137D1E97B84C00F3468B /* JSONParserError.swift */; };
		2CD4138B1E97B84C00F3468B /* ModelError.swift in Sources */ = {isa = PBXBuildFile; fileRef = 2CD4137E1E97B84C00F3468B /* ModelError.swift */; };
		2CD4138C1E97B84C00F3468B /* HTTPMethod.swift in Sources */ = {isa = PBXBuildFile; fileRef = 2CD413801E97B84C00F3468B /* HTTPMethod.swift */; };
		2CD4138D1E97B84C00F3468B /* Resource.swift in Sources */ = {isa = PBXBuildFile; fileRef = 2CD413811E97B84C00F3468B /* Resource.swift */; };
		2CD413A11E97B89500F3468B /* AttendeeCellController.swift in Sources */ = {isa = PBXBuildFile; fileRef = 2CD413901E97B89500F3468B /* AttendeeCellController.swift */; };
		2CD413A21E97B89500F3468B /* AttendeeCellRepresentable.swift in Sources */ = {isa = PBXBuildFile; fileRef = 2CD413911E97B89500F3468B /* AttendeeCellRepresentable.swift */; };
		2CD413A31E97B89500F3468B /* UIState.swift in Sources */ = {isa = PBXBuildFile; fileRef = 2CD413931E97B89500F3468B /* UIState.swift */; };
		2CD413A41E97B89500F3468B /* WWDCAttendeesController.swift in Sources */ = {isa = PBXBuildFile; fileRef = 2CD413941E97B89500F3468B /* WWDCAttendeesController.swift */; };
		2CD413A51E97B89500F3468B /* WWDCAttendeesDelegate.swift in Sources */ = {isa = PBXBuildFile; fileRef = 2CD413951E97B89500F3468B /* WWDCAttendeesDelegate.swift */; };
		2CD413A61E97B89500F3468B /* WWDCAttendeesHandler.swift in Sources */ = {isa = PBXBuildFile; fileRef = 2CD413961E97B89500F3468B /* WWDCAttendeesHandler.swift */; };
		2CD413A71E97B89500F3468B /* LoadingView.swift in Sources */ = {isa = PBXBuildFile; fileRef = 2CD413991E97B89500F3468B /* LoadingView.swift */; };
		2CD413A81E97B89500F3468B /* AttendeeCell.swift in Sources */ = {isa = PBXBuildFile; fileRef = 2CD4139B1E97B89500F3468B /* AttendeeCell.swift */; };
		2CD413A91E97B89500F3468B /* CellConfigurable.swift in Sources */ = {isa = PBXBuildFile; fileRef = 2CD4139C1E97B89500F3468B /* CellConfigurable.swift */; };
		2CD413AA1E97B89500F3468B /* Reusable.swift in Sources */ = {isa = PBXBuildFile; fileRef = 2CD4139D1E97B89500F3468B /* Reusable.swift */; };
		2CD413AB1E97B89500F3468B /* TableViewDataSource.swift in Sources */ = {isa = PBXBuildFile; fileRef = 2CD4139E1E97B89500F3468B /* TableViewDataSource.swift */; };
		2CD413AC1E97B89500F3468B /* WWDCAttendeesUIController.swift in Sources */ = {isa = PBXBuildFile; fileRef = 2CD4139F1E97B89500F3468B /* WWDCAttendeesUIController.swift */; };
		2CD413AD1E97B89500F3468B /* WWDCAttendeesViewController.swift in Sources */ = {isa = PBXBuildFile; fileRef = 2CD413A01E97B89500F3468B /* WWDCAttendeesViewController.swift */; };
		2CD413AF1E97B90400F3468B /* MockedConnection.swift in Sources */ = {isa = PBXBuildFile; fileRef = 2CD413AE1E97B90400F3468B /* MockedConnection.swift */; };
		2CD413B01E97B93300F3468B /* Connectable.swift in Sources */ = {isa = PBXBuildFile; fileRef = 2CD413741E97B84C00F3468B /* Connectable.swift */; };
		2CD413B11E97B93C00F3468B /* Resource.swift in Sources */ = {isa = PBXBuildFile; fileRef = 2CD413811E97B84C00F3468B /* Resource.swift */; };
		2CD413B21E97B95B00F3468B /* ConnectionResponse.swift in Sources */ = {isa = PBXBuildFile; fileRef = 2CD413761E97B84C00F3468B /* ConnectionResponse.swift */; };
		2CD413B31E97B96500F3468B /* HTTPMethod.swift in Sources */ = {isa = PBXBuildFile; fileRef = 2CD413801E97B84C00F3468B /* HTTPMethod.swift */; };
		2CD413B41E97B97100F3468B /* ConnectionError.swift in Sources */ = {isa = PBXBuildFile; fileRef = 2CD4137C1E97B84C00F3468B /* ConnectionError.swift */; };
		2CD413B51E97B97C00F3468B /* ModelError.swift in Sources */ = {isa = PBXBuildFile; fileRef = 2CD4137E1E97B84C00F3468B /* ModelError.swift */; };
		C70DF9531CFCF49400CFC0DA /* Localizable.strings in Resources */ = {isa = PBXBuildFile; fileRef = C70DF9521CFCF49400CFC0DA /* Localizable.strings */; };
		C73B8DB21CFA6FEF007C73DA /* MVCDemoTests.swift in Sources */ = {isa = PBXBuildFile; fileRef = C73B8DB11CFA6FEF007C73DA /* MVCDemoTests.swift */; };
		C73B8DC81CFA70C6007C73DA /* AppDelegate.swift in Sources */ = {isa = PBXBuildFile; fileRef = C73B8DBC1CFA70C6007C73DA /* AppDelegate.swift */; };
		C73B8DC91CFA70C6007C73DA /* Assets.xcassets in Resources */ = {isa = PBXBuildFile; fileRef = C73B8DBF1CFA70C6007C73DA /* Assets.xcassets */; };
		C73B8E051CFCB8B5007C73DA /* attendees.json in Resources */ = {isa = PBXBuildFile; fileRef = C73B8E041CFCB8B5007C73DA /* attendees.json */; };
/* End PBXBuildFile section */

/* Begin PBXContainerItemProxy section */
		C73B8DAE1CFA6FEF007C73DA /* PBXContainerItemProxy */ = {
			isa = PBXContainerItemProxy;
			containerPortal = C73B8D911CFA6FEF007C73DA /* Project object */;
			proxyType = 1;
			remoteGlobalIDString = C73B8D981CFA6FEF007C73DA;
			remoteInfo = MVCDemo;
		};
/* End PBXContainerItemProxy section */

/* Begin PBXFileReference section */
		2C028F1D1E973B300054768E /* UITableView+Extensions.swift */ = {isa = PBXFileReference; fileEncoding = 4; lastKnownFileType = sourcecode.swift; name = "UITableView+Extensions.swift"; path = "Extensions/UITableView+Extensions.swift"; sourceTree = "<group>"; };
		2CD413721E97B84C00F3468B /* Attendee.swift */ = {isa = PBXFileReference; fileEncoding = 4; lastKnownFileType = sourcecode.swift; path = Attendee.swift; sourceTree = "<group>"; };
		2CD413741E97B84C00F3468B /* Connectable.swift */ = {isa = PBXFileReference; fileEncoding = 4; lastKnownFileType = sourcecode.swift; path = Connectable.swift; sourceTree = "<group>"; };
		2CD413751E97B84C00F3468B /* Connection.swift */ = {isa = PBXFileReference; fileEncoding = 4; lastKnownFileType = sourcecode.swift; path = Connection.swift; sourceTree = "<group>"; };
		2CD413761E97B84C00F3468B /* ConnectionResponse.swift */ = {isa = PBXFileReference; fileEncoding = 4; lastKnownFileType = sourcecode.swift; path = ConnectionResponse.swift; sourceTree = "<group>"; };
		2CD413781E97B84C00F3468B /* JSONConvertible.swift */ = {isa = PBXFileReference; fileEncoding = 4; lastKnownFileType = sourcecode.swift; path = JSONConvertible.swift; sourceTree = "<group>"; };
		2CD413791E97B84C00F3468B /* JSONParser.swift */ = {isa = PBXFileReference; fileEncoding = 4; lastKnownFileType = sourcecode.swift; path = JSONParser.swift; sourceTree = "<group>"; };
		2CD4137A1E97B84C00F3468B /* JSONParserResult.swift */ = {isa = PBXFileReference; fileEncoding = 4; lastKnownFileType = sourcecode.swift; path = JSONParserResult.swift; sourceTree = "<group>"; };
		2CD4137C1E97B84C00F3468B /* ConnectionError.swift */ = {isa = PBXFileReference; fileEncoding = 4; lastKnownFileType = sourcecode.swift; path = ConnectionError.swift; sourceTree = "<group>"; };
		2CD4137D1E97B84C00F3468B /* JSONParserError.swift */ = {isa = PBXFileReference; fileEncoding = 4; lastKnownFileType = sourcecode.swift; path = JSONParserError.swift; sourceTree = "<group>"; };
		2CD4137E1E97B84C00F3468B /* ModelError.swift */ = {isa = PBXFileReference; fileEncoding = 4; lastKnownFileType = sourcecode.swift; path = ModelError.swift; sourceTree = "<group>"; };
		2CD413801E97B84C00F3468B /* HTTPMethod.swift */ = {isa = PBXFileReference; fileEncoding = 4; lastKnownFileType = sourcecode.swift; path = HTTPMethod.swift; sourceTree = "<group>"; };
		2CD413811E97B84C00F3468B /* Resource.swift */ = {isa = PBXFileReference; fileEncoding = 4; lastKnownFileType = sourcecode.swift; path = Resource.swift; sourceTree = "<group>"; };
		2CD413901E97B89500F3468B /* AttendeeCellController.swift */ = {isa = PBXFileReference; fileEncoding = 4; lastKnownFileType = sourcecode.swift; path = AttendeeCellController.swift; sourceTree = "<group>"; };
		2CD413911E97B89500F3468B /* AttendeeCellRepresentable.swift */ = {isa = PBXFileReference; fileEncoding = 4; lastKnownFileType = sourcecode.swift; path = AttendeeCellRepresentable.swift; sourceTree = "<group>"; };
		2CD413931E97B89500F3468B /* UIState.swift */ = {isa = PBXFileReference; fileEncoding = 4; lastKnownFileType = sourcecode.swift; path = UIState.swift; sourceTree = "<group>"; };
		2CD413941E97B89500F3468B /* WWDCAttendeesController.swift */ = {isa = PBXFileReference; fileEncoding = 4; lastKnownFileType = sourcecode.swift; path = WWDCAttendeesController.swift; sourceTree = "<group>"; };
		2CD413951E97B89500F3468B /* WWDCAttendeesDelegate.swift */ = {isa = PBXFileReference; fileEncoding = 4; lastKnownFileType = sourcecode.swift; path = WWDCAttendeesDelegate.swift; sourceTree = "<group>"; };
		2CD413961E97B89500F3468B /* WWDCAttendeesHandler.swift */ = {isa = PBXFileReference; fileEncoding = 4; lastKnownFileType = sourcecode.swift; path = WWDCAttendeesHandler.swift; sourceTree = "<group>"; };
		2CD413991E97B89500F3468B /* LoadingView.swift */ = {isa = PBXFileReference; fileEncoding = 4; lastKnownFileType = sourcecode.swift; path = LoadingView.swift; sourceTree = "<group>"; };
		2CD4139B1E97B89500F3468B /* AttendeeCell.swift */ = {isa = PBXFileReference; fileEncoding = 4; lastKnownFileType = sourcecode.swift; path = AttendeeCell.swift; sourceTree = "<group>"; };
		2CD4139C1E97B89500F3468B /* CellConfigurable.swift */ = {isa = PBXFileReference; fileEncoding = 4; lastKnownFileType = sourcecode.swift; path = CellConfigurable.swift; sourceTree = "<group>"; };
		2CD4139D1E97B89500F3468B /* Reusable.swift */ = {isa = PBXFileReference; fileEncoding = 4; lastKnownFileType = sourcecode.swift; path = Reusable.swift; sourceTree = "<group>"; };
		2CD4139E1E97B89500F3468B /* TableViewDataSource.swift */ = {isa = PBXFileReference; fileEncoding = 4; lastKnownFileType = sourcecode.swift; path = TableViewDataSource.swift; sourceTree = "<group>"; };
		2CD4139F1E97B89500F3468B /* WWDCAttendeesUIController.swift */ = {isa = PBXFileReference; fileEncoding = 4; lastKnownFileType = sourcecode.swift; path = WWDCAttendeesUIController.swift; sourceTree = "<group>"; };
		2CD413A01E97B89500F3468B /* WWDCAttendeesViewController.swift */ = {isa = PBXFileReference; fileEncoding = 4; lastKnownFileType = sourcecode.swift; path = WWDCAttendeesViewController.swift; sourceTree = "<group>"; };
		2CD413AE1E97B90400F3468B /* MockedConnection.swift */ = {isa = PBXFileReference; fileEncoding = 4; lastKnownFileType = sourcecode.swift; path = MockedConnection.swift; sourceTree = "<group>"; };
		C70DF9521CFCF49400CFC0DA /* Localizable.strings */ = {isa = PBXFileReference; fileEncoding = 4; lastKnownFileType = text.plist.strings; path = Localizable.strings; sourceTree = "<group>"; };
		C73B8D991CFA6FEF007C73DA /* MVCDemo.app */ = {isa = PBXFileReference; explicitFileType = wrapper.application; includeInIndex = 0; path = MVCDemo.app; sourceTree = BUILT_PRODUCTS_DIR; };
		C73B8DAD1CFA6FEF007C73DA /* MVCDemoTests.xctest */ = {isa = PBXFileReference; explicitFileType = wrapper.cfbundle; includeInIndex = 0; path = MVCDemoTests.xctest; sourceTree = BUILT_PRODUCTS_DIR; };
		C73B8DB11CFA6FEF007C73DA /* MVCDemoTests.swift */ = {isa = PBXFileReference; lastKnownFileType = sourcecode.swift; path = MVCDemoTests.swift; sourceTree = "<group>"; };
		C73B8DB31CFA6FEF007C73DA /* Info.plist */ = {isa = PBXFileReference; lastKnownFileType = text.plist.xml; path = Info.plist; sourceTree = "<group>"; };
		C73B8DBC1CFA70C6007C73DA /* AppDelegate.swift */ = {isa = PBXFileReference; fileEncoding = 4; lastKnownFileType = sourcecode.swift; path = AppDelegate.swift; sourceTree = "<group>"; };
		C73B8DBF1CFA70C6007C73DA /* Assets.xcassets */ = {isa = PBXFileReference; lastKnownFileType = folder.assetcatalog; path = Assets.xcassets; sourceTree = "<group>"; };
		C73B8DC51CFA70C6007C73DA /* Info.plist */ = {isa = PBXFileReference; fileEncoding = 4; lastKnownFileType = text.plist.xml; path = Info.plist; sourceTree = "<group>"; };
		C73B8E041CFCB8B5007C73DA /* attendees.json */ = {isa = PBXFileReference; fileEncoding = 4; lastKnownFileType = text.json; path = attendees.json; sourceTree = "<group>"; };
/* End PBXFileReference section */

/* Begin PBXFrameworksBuildPhase section */
		C73B8D961CFA6FEF007C73DA /* Frameworks */ = {
			isa = PBXFrameworksBuildPhase;
			buildActionMask = 2147483647;
			files = (
			);
			runOnlyForDeploymentPostprocessing = 0;
		};
		C73B8DAA1CFA6FEF007C73DA /* Frameworks */ = {
			isa = PBXFrameworksBuildPhase;
			buildActionMask = 2147483647;
			files = (
			);
			runOnlyForDeploymentPostprocessing = 0;
		};
/* End PBXFrameworksBuildPhase section */

/* Begin PBXGroup section */
		2C028F151E9738EC0054768E /* Mocks */ = {
			isa = PBXGroup;
			children = (
				2CD413AE1E97B90400F3468B /* MockedConnection.swift */,
			);
			name = Mocks;
			path = ../MVCDemo;
			sourceTree = "<group>";
		};
		2C028F1C1E973B160054768E /* Extensions */ = {
			isa = PBXGroup;
			children = (
				2C028F1D1E973B300054768E /* UITableView+Extensions.swift */,
			);
			name = Extensions;
			sourceTree = "<group>";
		};
		2CD413701E97B84C00F3468B /* Models */ = {
			isa = PBXGroup;
			children = (
				2CD413711E97B84C00F3468B /* Attendee */,
				2CD413731E97B84C00F3468B /* Connection */,
				2CD413771E97B84C00F3468B /* JSONParser */,
				2CD4137B1E97B84C00F3468B /* ModelError */,
				2CD4137F1E97B84C00F3468B /* Resource */,
			);
			path = Models;
			sourceTree = "<group>";
		};
		2CD413711E97B84C00F3468B /* Attendee */ = {
			isa = PBXGroup;
			children = (
				2CD413721E97B84C00F3468B /* Attendee.swift */,
			);
			path = Attendee;
			sourceTree = "<group>";
		};
		2CD413731E97B84C00F3468B /* Connection */ = {
			isa = PBXGroup;
			children = (
				2CD413741E97B84C00F3468B /* Connectable.swift */,
				2CD413751E97B84C00F3468B /* Connection.swift */,
				2CD413761E97B84C00F3468B /* ConnectionResponse.swift */,
			);
			path = Connection;
			sourceTree = "<group>";
		};
		2CD413771E97B84C00F3468B /* JSONParser */ = {
			isa = PBXGroup;
			children = (
				2CD413781E97B84C00F3468B /* JSONConvertible.swift */,
				2CD413791E97B84C00F3468B /* JSONParser.swift */,
				2CD4137A1E97B84C00F3468B /* JSONParserResult.swift */,
			);
			path = JSONParser;
			sourceTree = "<group>";
		};
		2CD4137B1E97B84C00F3468B /* ModelError */ = {
			isa = PBXGroup;
			children = (
				2CD4137C1E97B84C00F3468B /* ConnectionError.swift */,
				2CD4137D1E97B84C00F3468B /* JSONParserError.swift */,
				2CD4137E1E97B84C00F3468B /* ModelError.swift */,
			);
			path = ModelError;
			sourceTree = "<group>";
		};
		2CD4137F1E97B84C00F3468B /* Resource */ = {
			isa = PBXGroup;
			children = (
				2CD413801E97B84C00F3468B /* HTTPMethod.swift */,
				2CD413811E97B84C00F3468B /* Resource.swift */,
			);
			path = Resource;
			sourceTree = "<group>";
		};
		2CD4138E1E97B89500F3468B /* Controllers */ = {
			isa = PBXGroup;
			children = (
				2CD4138F1E97B89500F3468B /* AttendeeCellController */,
				2CD413921E97B89500F3468B /* WWDCAttendeesController */,
			);
			path = Controllers;
			sourceTree = "<group>";
		};
		2CD4138F1E97B89500F3468B /* AttendeeCellController */ = {
			isa = PBXGroup;
			children = (
				2CD413901E97B89500F3468B /* AttendeeCellController.swift */,
				2CD413911E97B89500F3468B /* AttendeeCellRepresentable.swift */,
			);
			path = AttendeeCellController;
			sourceTree = "<group>";
		};
		2CD413921E97B89500F3468B /* WWDCAttendeesController */ = {
			isa = PBXGroup;
			children = (
				2CD413931E97B89500F3468B /* UIState.swift */,
				2CD413941E97B89500F3468B /* WWDCAttendeesController.swift */,
				2CD413951E97B89500F3468B /* WWDCAttendeesDelegate.swift */,
				2CD413961E97B89500F3468B /* WWDCAttendeesHandler.swift */,
			);
			path = WWDCAttendeesController;
			sourceTree = "<group>";
		};
		2CD413971E97B89500F3468B /* Views */ = {
			isa = PBXGroup;
			children = (
				2CD413981E97B89500F3468B /* LoadingView */,
				2CD4139A1E97B89500F3468B /* WWDCAttendeesView */,
			);
			path = Views;
			sourceTree = "<group>";
		};
		2CD413981E97B89500F3468B /* LoadingView */ = {
			isa = PBXGroup;
			children = (
				2CD413991E97B89500F3468B /* LoadingView.swift */,
			);
			path = LoadingView;
			sourceTree = "<group>";
		};
		2CD4139A1E97B89500F3468B /* WWDCAttendeesView */ = {
			isa = PBXGroup;
			children = (
				2CD4139B1E97B89500F3468B /* AttendeeCell.swift */,
				2CD4139C1E97B89500F3468B /* CellConfigurable.swift */,
				2CD4139D1E97B89500F3468B /* Reusable.swift */,
				2CD4139E1E97B89500F3468B /* TableViewDataSource.swift */,
				2CD4139F1E97B89500F3468B /* WWDCAttendeesUIController.swift */,
				2CD413A01E97B89500F3468B /* WWDCAttendeesViewController.swift */,
			);
			path = WWDCAttendeesView;
			sourceTree = "<group>";
		};
		C73B8D901CFA6FEF007C73DA = {
			isa = PBXGroup;
			children = (
				C73B8D9B1CFA6FEF007C73DA /* MVCDemo */,
				C73B8DB01CFA6FEF007C73DA /* MVCDemoTests */,
				C73B8D9A1CFA6FEF007C73DA /* Products */,
			);
			sourceTree = "<group>";
		};
		C73B8D9A1CFA6FEF007C73DA /* Products */ = {
			isa = PBXGroup;
			children = (
				C73B8D991CFA6FEF007C73DA /* MVCDemo.app */,
				C73B8DAD1CFA6FEF007C73DA /* MVCDemoTests.xctest */,
			);
			name = Products;
			sourceTree = "<group>";
		};
		C73B8D9B1CFA6FEF007C73DA /* MVCDemo */ = {
			isa = PBXGroup;
			children = (
				C73B8DBC1CFA70C6007C73DA /* AppDelegate.swift */,
				2C028F1C1E973B160054768E /* Extensions */,
				2CD413701E97B84C00F3468B /* Models */,
				2CD413971E97B89500F3468B /* Views */,
				2CD4138E1E97B89500F3468B /* Controllers */,
				C73B8DBE1CFA70C6007C73DA /* Resources */,
				C73B8DC41CFA70C6007C73DA /* Supporting Files */,
			);
			path = MVCDemo;
			sourceTree = "<group>";
		};
		C73B8DB01CFA6FEF007C73DA /* MVCDemoTests */ = {
			isa = PBXGroup;
			children = (
				2C028F151E9738EC0054768E /* Mocks */,
				C73B8DB11CFA6FEF007C73DA /* MVCDemoTests.swift */,
				C73B8DB31CFA6FEF007C73DA /* Info.plist */,
			);
			path = MVCDemoTests;
			sourceTree = "<group>";
		};
		C73B8DBE1CFA70C6007C73DA /* Resources */ = {
			isa = PBXGroup;
			children = (
				C73B8DBF1CFA70C6007C73DA /* Assets.xcassets */,
				C73B8E041CFCB8B5007C73DA /* attendees.json */,
				C70DF9521CFCF49400CFC0DA /* Localizable.strings */,
			);
			path = Resources;
			sourceTree = "<group>";
		};
		C73B8DC41CFA70C6007C73DA /* Supporting Files */ = {
			isa = PBXGroup;
			children = (
				C73B8DC51CFA70C6007C73DA /* Info.plist */,
			);
			path = "Supporting Files";
			sourceTree = "<group>";
		};
/* End PBXGroup section */

/* Begin PBXNativeTarget section */
		C73B8D981CFA6FEF007C73DA /* MVCDemo */ = {
			isa = PBXNativeTarget;
			buildConfigurationList = C73B8DB61CFA6FEF007C73DA /* Build configuration list for PBXNativeTarget "MVCDemo" */;
			buildPhases = (
				C73B8D951CFA6FEF007C73DA /* Sources */,
				C73B8D961CFA6FEF007C73DA /* Frameworks */,
				C73B8D971CFA6FEF007C73DA /* Resources */,
			);
			buildRules = (
			);
			dependencies = (
			);
			name = MVCDemo;
			productName = MVCDemo;
			productReference = C73B8D991CFA6FEF007C73DA /* MVCDemo.app */;
			productType = "com.apple.product-type.application";
		};
		C73B8DAC1CFA6FEF007C73DA /* MVCDemoTests */ = {
			isa = PBXNativeTarget;
			buildConfigurationList = C73B8DB91CFA6FEF007C73DA /* Build configuration list for PBXNativeTarget "MVCDemoTests" */;
			buildPhases = (
				C73B8DA91CFA6FEF007C73DA /* Sources */,
				C73B8DAA1CFA6FEF007C73DA /* Frameworks */,
				C73B8DAB1CFA6FEF007C73DA /* Resources */,
			);
			buildRules = (
			);
			dependencies = (
				C73B8DAF1CFA6FEF007C73DA /* PBXTargetDependency */,
			);
			name = MVCDemoTests;
			productName = MVCDemoTests;
			productReference = C73B8DAD1CFA6FEF007C73DA /* MVCDemoTests.xctest */;
			productType = "com.apple.product-type.bundle.unit-test";
		};
/* End PBXNativeTarget section */

/* Begin PBXProject section */
		C73B8D911CFA6FEF007C73DA /* Project object */ = {
			isa = PBXProject;
			attributes = {
				LastSwiftUpdateCheck = 0730;
				LastUpgradeCheck = 0730;
				ORGANIZATIONNAME = Razeware;
				TargetAttributes = {
					C73B8D981CFA6FEF007C73DA = {
						CreatedOnToolsVersion = 7.3.1;
						LastSwiftMigration = 0820;
					};
					C73B8DAC1CFA6FEF007C73DA = {
						CreatedOnToolsVersion = 7.3.1;
						LastSwiftMigration = 0820;
						TestTargetID = C73B8D981CFA6FEF007C73DA;
					};
				};
			};
			buildConfigurationList = C73B8D941CFA6FEF007C73DA /* Build configuration list for PBXProject "MVCDemo" */;
			compatibilityVersion = "Xcode 3.2";
			developmentRegion = English;
			hasScannedForEncodings = 0;
			knownRegions = (
				en,
				Base,
			);
			mainGroup = C73B8D901CFA6FEF007C73DA;
			productRefGroup = C73B8D9A1CFA6FEF007C73DA /* Products */;
			projectDirPath = "";
			projectRoot = "";
			targets = (
				C73B8D981CFA6FEF007C73DA /* MVCDemo */,
				C73B8DAC1CFA6FEF007C73DA /* MVCDemoTests */,
			);
		};
/* End PBXProject section */

/* Begin PBXResourcesBuildPhase section */
		C73B8D971CFA6FEF007C73DA /* Resources */ = {
			isa = PBXResourcesBuildPhase;
			buildActionMask = 2147483647;
			files = (
				C70DF9531CFCF49400CFC0DA /* Localizable.strings in Resources */,
				C73B8DC91CFA70C6007C73DA /* Assets.xcassets in Resources */,
				C73B8E051CFCB8B5007C73DA /* attendees.json in Resources */,
			);
			runOnlyForDeploymentPostprocessing = 0;
		};
		C73B8DAB1CFA6FEF007C73DA /* Resources */ = {
			isa = PBXResourcesBuildPhase;
			buildActionMask = 2147483647;
			files = (
			);
			runOnlyForDeploymentPostprocessing = 0;
		};
/* End PBXResourcesBuildPhase section */

/* Begin PBXSourcesBuildPhase section */
		C73B8D951CFA6FEF007C73DA /* Sources */ = {
			isa = PBXSourcesBuildPhase;
			buildActionMask = 2147483647;
			files = (
				2CD413841E97B84C00F3468B /* Connection.swift in Sources */,
				2CD413871E97B84C00F3468B /* JSONParser.swift in Sources */,
				2CD413861E97B84C00F3468B /* JSONConvertible.swift in Sources */,
				2CD413A11E97B89500F3468B /* AttendeeCellController.swift in Sources */,
				2CD413AD1E97B89500F3468B /* WWDCAttendeesViewController.swift in Sources */,
				2CD413A41E97B89500F3468B /* WWDCAttendeesController.swift in Sources */,
				2CD413A91E97B89500F3468B /* CellConfigurable.swift in Sources */,
				2CD413AA1E97B89500F3468B /* Reusable.swift in Sources */,
				2CD4138B1E97B84C00F3468B /* ModelError.swift in Sources */,
				2CD4138A1E97B84C00F3468B /* JSONParserError.swift in Sources */,
				2CD413891E97B84C00F3468B /* ConnectionError.swift in Sources */,
				2CD4138C1E97B84C00F3468B /* HTTPMethod.swift in Sources */,
				2CD413A31E97B89500F3468B /* UIState.swift in Sources */,
				2CD413851E97B84C00F3468B /* ConnectionResponse.swift in Sources */,
				C73B8DC81CFA70C6007C73DA /* AppDelegate.swift in Sources */,
				2CD413A81E97B89500F3468B /* AttendeeCell.swift in Sources */,
				2CD413A51E97B89500F3468B /* WWDCAttendeesDelegate.swift in Sources */,
				2CD413881E97B84C00F3468B /* JSONParserResult.swift in Sources */,
				2C028F1E1E973B300054768E /* UITableView+Extensions.swift in Sources */,
				2CD413AC1E97B89500F3468B /* WWDCAttendeesUIController.swift in Sources */,
				2CD413A21E97B89500F3468B /* AttendeeCellRepresentable.swift in Sources */,
				2CD4138D1E97B84C00F3468B /* Resource.swift in Sources */,
				2CD413831E97B84C00F3468B /* Connectable.swift in Sources */,
				2CD413821E97B84C00F3468B /* Attendee.swift in Sources */,
				2CD413AB1E97B89500F3468B /* TableViewDataSource.swift in Sources */,
				2CD413A71E97B89500F3468B /* LoadingView.swift in Sources */,
				2CD413A61E97B89500F3468B /* WWDCAttendeesHandler.swift in Sources */,
			);
			runOnlyForDeploymentPostprocessing = 0;
		};
		C73B8DA91CFA6FEF007C73DA /* Sources */ = {
			isa = PBXSourcesBuildPhase;
			buildActionMask = 2147483647;
			files = (
				2CD413AF1E97B90400F3468B /* MockedConnection.swift in Sources */,
				2CD413B11E97B93C00F3468B /* Resource.swift in Sources */,
				2CD413B31E97B96500F3468B /* HTTPMethod.swift in Sources */,
				2CD413B01E97B93300F3468B /* Connectable.swift in Sources */,
				C73B8DB21CFA6FEF007C73DA /* MVCDemoTests.swift in Sources */,
				2CD413B41E97B97100F3468B /* ConnectionError.swift in Sources */,
				2CD413B51E97B97C00F3468B /* ModelError.swift in Sources */,
				2CD413B21E97B95B00F3468B /* ConnectionResponse.swift in Sources */,
			);
			runOnlyForDeploymentPostprocessing = 0;
		};
/* End PBXSourcesBuildPhase section */

/* Begin PBXTargetDependency section */
		C73B8DAF1CFA6FEF007C73DA /* PBXTargetDependency */ = {
			isa = PBXTargetDependency;
			target = C73B8D981CFA6FEF007C73DA /* MVCDemo */;
			targetProxy = C73B8DAE1CFA6FEF007C73DA /* PBXContainerItemProxy */;
		};
/* End PBXTargetDependency section */

/* Begin XCBuildConfiguration section */
		C73B8DB41CFA6FEF007C73DA /* Debug */ = {
			isa = XCBuildConfiguration;
			buildSettings = {
				ALWAYS_SEARCH_USER_PATHS = NO;
				CLANG_ANALYZER_NONNULL = YES;
				CLANG_CXX_LANGUAGE_STANDARD = "gnu++0x";
				CLANG_CXX_LIBRARY = "libc++";
				CLANG_ENABLE_MODULES = YES;
				CLANG_ENABLE_OBJC_ARC = YES;
				CLANG_WARN_BOOL_CONVERSION = YES;
				CLANG_WARN_CONSTANT_CONVERSION = YES;
				CLANG_WARN_DIRECT_OBJC_ISA_USAGE = YES_ERROR;
				CLANG_WARN_EMPTY_BODY = YES;
				CLANG_WARN_ENUM_CONVERSION = YES;
				CLANG_WARN_INT_CONVERSION = YES;
				CLANG_WARN_OBJC_ROOT_CLASS = YES_ERROR;
				CLANG_WARN_UNREACHABLE_CODE = YES;
				CLANG_WARN__DUPLICATE_METHOD_MATCH = YES;
				"CODE_SIGN_IDENTITY[sdk=iphoneos*]" = "";
				COPY_PHASE_STRIP = NO;
				DEBUG_INFORMATION_FORMAT = dwarf;
				ENABLE_STRICT_OBJC_MSGSEND = YES;
				ENABLE_TESTABILITY = YES;
				GCC_C_LANGUAGE_STANDARD = gnu99;
				GCC_DYNAMIC_NO_PIC = NO;
				GCC_NO_COMMON_BLOCKS = YES;
				GCC_OPTIMIZATION_LEVEL = 0;
				GCC_PREPROCESSOR_DEFINITIONS = (
					"DEBUG=1",
					"$(inherited)",
				);
				GCC_WARN_64_TO_32_BIT_CONVERSION = YES;
				GCC_WARN_ABOUT_RETURN_TYPE = YES_ERROR;
				GCC_WARN_UNDECLARED_SELECTOR = YES;
				GCC_WARN_UNINITIALIZED_AUTOS = YES_AGGRESSIVE;
				GCC_WARN_UNUSED_FUNCTION = YES;
				GCC_WARN_UNUSED_VARIABLE = YES;
				IPHONEOS_DEPLOYMENT_TARGET = 9.3;
				MTL_ENABLE_DEBUG_INFO = YES;
				ONLY_ACTIVE_ARCH = YES;
				SDKROOT = iphoneos;
				SWIFT_OPTIMIZATION_LEVEL = "-Onone";
				SWIFT_VERSION = 3.0;
				TARGETED_DEVICE_FAMILY = "1,2";
			};
			name = Debug;
		};
		C73B8DB51CFA6FEF007C73DA /* Release */ = {
			isa = XCBuildConfiguration;
			buildSettings = {
				ALWAYS_SEARCH_USER_PATHS = NO;
				CLANG_ANALYZER_NONNULL = YES;
				CLANG_CXX_LANGUAGE_STANDARD = "gnu++0x";
				CLANG_CXX_LIBRARY = "libc++";
				CLANG_ENABLE_MODULES = YES;
				CLANG_ENABLE_OBJC_ARC = YES;
				CLANG_WARN_BOOL_CONVERSION = YES;
				CLANG_WARN_CONSTANT_CONVERSION = YES;
				CLANG_WARN_DIRECT_OBJC_ISA_USAGE = YES_ERROR;
				CLANG_WARN_EMPTY_BODY = YES;
				CLANG_WARN_ENUM_CONVERSION = YES;
				CLANG_WARN_INT_CONVERSION = YES;
				CLANG_WARN_OBJC_ROOT_CLASS = YES_ERROR;
				CLANG_WARN_UNREACHABLE_CODE = YES;
				CLANG_WARN__DUPLICATE_METHOD_MATCH = YES;
				"CODE_SIGN_IDENTITY[sdk=iphoneos*]" = "";
				COPY_PHASE_STRIP = NO;
				DEBUG_INFORMATION_FORMAT = "dwarf-with-dsym";
				ENABLE_NS_ASSERTIONS = NO;
				ENABLE_STRICT_OBJC_MSGSEND = YES;
				GCC_C_LANGUAGE_STANDARD = gnu99;
				GCC_NO_COMMON_BLOCKS = YES;
				GCC_WARN_64_TO_32_BIT_CONVERSION = YES;
				GCC_WARN_ABOUT_RETURN_TYPE = YES_ERROR;
				GCC_WARN_UNDECLARED_SELECTOR = YES;
				GCC_WARN_UNINITIALIZED_AUTOS = YES_AGGRESSIVE;
				GCC_WARN_UNUSED_FUNCTION = YES;
				GCC_WARN_UNUSED_VARIABLE = YES;
				IPHONEOS_DEPLOYMENT_TARGET = 9.3;
				MTL_ENABLE_DEBUG_INFO = NO;
				SDKROOT = iphoneos;
				SWIFT_VERSION = 3.0;
				TARGETED_DEVICE_FAMILY = "1,2";
				VALIDATE_PRODUCT = YES;
			};
			name = Release;
		};
		C73B8DB71CFA6FEF007C73DA /* Debug */ = {
			isa = XCBuildConfiguration;
			buildSettings = {
				ASSETCATALOG_COMPILER_APPICON_NAME = AppIcon;
				CLANG_ENABLE_MODULES = YES;
				INFOPLIST_FILE = "MVCDemo/Supporting Files/Info.plist";
				LD_RUNPATH_SEARCH_PATHS = "$(inherited) @executable_path/Frameworks";
				PRODUCT_BUNDLE_IDENTIFIER = com.razeware.MVCDemo;
				PRODUCT_NAME = "$(TARGET_NAME)";
				SWIFT_OPTIMIZATION_LEVEL = "-Onone";
				SWIFT_VERSION = 3.0;
			};
			name = Debug;
		};
		C73B8DB81CFA6FEF007C73DA /* Release */ = {
			isa = XCBuildConfiguration;
			buildSettings = {
				ASSETCATALOG_COMPILER_APPICON_NAME = AppIcon;
				CLANG_ENABLE_MODULES = YES;
				INFOPLIST_FILE = "MVCDemo/Supporting Files/Info.plist";
				LD_RUNPATH_SEARCH_PATHS = "$(inherited) @executable_path/Frameworks";
				PRODUCT_BUNDLE_IDENTIFIER = com.razeware.MVCDemo;
				PRODUCT_NAME = "$(TARGET_NAME)";
				SWIFT_VERSION = 3.0;
			};
			name = Release;
		};
		C73B8DBA1CFA6FEF007C73DA /* Debug */ = {
			isa = XCBuildConfiguration;
			buildSettings = {
				BUNDLE_LOADER = "$(TEST_HOST)";
				INFOPLIST_FILE = MVCDemoTests/Info.plist;
				LD_RUNPATH_SEARCH_PATHS = "$(inherited) @executable_path/Frameworks @loader_path/Frameworks";
				PRODUCT_BUNDLE_IDENTIFIER = com.razeware.MVCDemoTests;
				PRODUCT_NAME = "$(TARGET_NAME)";
				SWIFT_VERSION = 3.0;
				TEST_HOST = "$(BUILT_PRODUCTS_DIR)/MVCDemo.app/MVCDemo";
			};
			name = Debug;
		};
		C73B8DBB1CFA6FEF007C73DA /* Release */ = {
			isa = XCBuildConfiguration;
			buildSettings = {
				BUNDLE_LOADER = "$(TEST_HOST)";
				INFOPLIST_FILE = MVCDemoTests/Info.plist;
				LD_RUNPATH_SEARCH_PATHS = "$(inherited) @executable_path/Frameworks @loader_path/Frameworks";
				PRODUCT_BUNDLE_IDENTIFIER = com.razeware.MVCDemoTests;
				PRODUCT_NAME = "$(TARGET_NAME)";
				SWIFT_VERSION = 3.0;
				TEST_HOST = "$(BUILT_PRODUCTS_DIR)/MVCDemo.app/MVCDemo";
			};
			name = Release;
		};
/* End XCBuildConfiguration section */

/* Begin XCConfigurationList section */
		C73B8D941CFA6FEF007C73DA /* Build configuration list for PBXProject "MVCDemo" */ = {
			isa = XCConfigurationList;
			buildConfigurations = (
				C73B8DB41CFA6FEF007C73DA /* Debug */,
				C73B8DB51CFA6FEF007C73DA /* Release */,
			);
			defaultConfigurationIsVisible = 0;
			defaultConfigurationName = Release;
		};
		C73B8DB61CFA6FEF007C73DA /* Build configuration list for PBXNativeTarget "MVCDemo" */ = {
			isa = XCConfigurationList;
			buildConfigurations = (
				C73B8DB71CFA6FEF007C73DA /* Debug */,
				C73B8DB81CFA6FEF007C73DA /* Release */,
			);
			defaultConfigurationIsVisible = 0;
			defaultConfigurationName = Release;
		};
		C73B8DB91CFA6FEF007C73DA /* Build configuration list for PBXNativeTarget "MVCDemoTests" */ = {
			isa = XCConfigurationList;
			buildConfigurations = (
				C73B8DBA1CFA6FEF007C73DA /* Debug */,
				C73B8DBB1CFA6FEF007C73DA /* Release */,
			);
			defaultConfigurationIsVisible = 0;
			defaultConfigurationName = Release;
		};
/* End XCConfigurationList section */
	};
	rootObject = C73B8D911CFA6FEF007C73DA /* Project object */;
}
